// !$*UTF8*$!
{
	archiveVersion = 1;
	classes = {
	};
	objectVersion = 77;
	objects = {

/* Begin PBXBuildFile section */
		5DB4E8362FE7CC0000DB1E50 /* Connect in Frameworks */ = {isa = PBXBuildFile; productRef = 5DB4E8372FE7CC0000DB1E50 /* Connect */; };
		5DB4EB0E2FE9000000DB1E50 /* umi.mikanWidgets.appex in Embed Foundation Extensions */ = {isa = PBXBuildFile; fileRef = 5DB4EB012FE9000000DB1E50 /* umi.mikanWidgets.appex */; settings = {ATTRIBUTES = (RemoveHeadersOnCopy, ); }; };
/* End PBXBuildFile section */

/* Begin PBXContainerItemProxy section */
		5DB4E90B2FE8000000DB1E50 /* PBXContainerItemProxy */ = {
			isa = PBXContainerItemProxy;
			containerPortal = 5DB4E7CD2FE6687200DB1E50 /* Project object */;
			proxyType = 1;
			remoteGlobalIDString = 5DB4E7D42FE6687200DB1E50;
			remoteInfo = umi.mikan;
		};
		5DB4EB0B2FE9000000DB1E50 /* PBXContainerItemProxy */ = {
			isa = PBXContainerItemProxy;
			containerPortal = 5DB4E7CD2FE6687200DB1E50 /* Project object */;
			proxyType = 1;
			remoteGlobalIDString = 5DB4EB042FE9000000DB1E50;
			remoteInfo = umi.mikanWidgets;
		};
/* End PBXContainerItemProxy section */

/* Begin PBXCopyFilesBuildPhase section */
		5DB4EB0D2FE9000000DB1E50 /* Embed Foundation Extensions */ = {
			isa = PBXCopyFilesBuildPhase;
			buildActionMask = 2147483647;
			dstPath = "";
			dstSubfolderSpec = 13;
			files = (
				5DB4EB0E2FE9000000DB1E50 /* umi.mikanWidgets.appex in Embed Foundation Extensions */,
			);
			name = "Embed Foundation Extensions";
			runOnlyForDeploymentPostprocessing = 0;
		};
/* End PBXCopyFilesBuildPhase section */

/* Begin PBXFileReference section */
		5DB4E7D52FE6687200DB1E50 /* umi.mikan.app */ = {isa = PBXFileReference; explicitFileType = wrapper.application; includeInIndex = 0; path = umi.mikan.app; sourceTree = BUILT_PRODUCTS_DIR; };
		5DB4E9002FE8000000DB1E50 /* umi.mikanTests.xctest */ = {isa = PBXFileReference; explicitFileType = wrapper.cfbundle; includeInIndex = 0; path = umi.mikanTests.xctest; sourceTree = BUILT_PRODUCTS_DIR; };
		5DB4EB012FE9000000DB1E50 /* umi.mikanWidgets.appex */ = {isa = PBXFileReference; explicitFileType = "wrapper.app-extension"; includeInIndex = 0; path = umi.mikanWidgets.appex; sourceTree = BUILT_PRODUCTS_DIR; };
/* End PBXFileReference section */

/* Begin PBXFileSystemSynchronizedBuildFileExceptionSet section */
		5DB4EB0F2FE9000000DB1E50 /* Exceptions for "Widgets" folder in "umi.mikanWidgets" target */ = {
			isa = PBXFileSystemSynchronizedBuildFileExceptionSet;
			membershipExceptions = (
				Info.plist,
			);
			target = 5DB4EB042FE9000000DB1E50 /* umi.mikanWidgets */;
		};
/* End PBXFileSystemSynchronizedBuildFileExceptionSet section */

/* Begin PBXFileSystemSynchronizedRootGroup section */
		5DB4E7D72FE6687200DB1E50 /* Sources */ = {
			isa = PBXFileSystemSynchronizedRootGroup;
			path = Sources;
			sourceTree = "<group>";
		};
		5DB4E9022FE8000000DB1E50 /* Tests */ = {
			isa = PBXFileSystemSynchronizedRootGroup;
			path = Tests;
			sourceTree = "<group>";
		};
		5DB4EB022FE9000000DB1E50 /* Widgets */ = {
			isa = PBXFileSystemSynchronizedRootGroup;
			exceptions = (
				5DB4EB0F2FE9000000DB1E50 /* Exceptions for "Widgets" folder in "umi.mikanWidgets" target */,
			);
			path = Widgets;
			sourceTree = "<group>";
		};
		5DB4EB032FE9000000DB1E50 /* Shared */ = {
			isa = PBXFileSystemSynchronizedRootGroup;
			path = Shared;
			sourceTree = "<group>";
		};
/* End PBXFileSystemSynchronizedRootGroup section */

/* Begin PBXFrameworksBuildPhase section */
		5DB4E7D22FE6687200DB1E50 /* Frameworks */ = {
			isa = PBXFrameworksBuildPhase;
			buildActionMask = 2147483647;
			files = (
				5DB4E8362FE7CC0000DB1E50 /* Connect in Frameworks */,
			);
			runOnlyForDeploymentPostprocessing = 0;
		};
		5DB4E9032FE8000000DB1E50 /* Frameworks */ = {
			isa = PBXFrameworksBuildPhase;
			buildActionMask = 2147483647;
			files = (
			);
			runOnlyForDeploymentPostprocessing = 0;
		};
		5DB4EB062FE9000000DB1E50 /* Frameworks */ = {
			isa = PBXFrameworksBuildPhase;
			buildActionMask = 2147483647;
			files = (
			);
			runOnlyForDeploymentPostprocessing = 0;
		};
/* End PBXFrameworksBuildPhase section */

/* Begin PBXGroup section */
		5DB4E7CC2FE6687200DB1E50 = {
			isa = PBXGroup;
			children = (
				5DB4E7D72FE6687200DB1E50 /* Sources */,
				5DB4EB032FE9000000DB1E50 /* Shared */,
				5DB4EB022FE9000000DB1E50 /* Widgets */,
				5DB4E9022FE8000000DB1E50 /* Tests */,
				5DB4E7D62FE6687200DB1E50 /* Products */,
			);
			sourceTree = "<group>";
		};
		5DB4E7D62FE6687200DB1E50 /* Products */ = {
			isa = PBXGroup;
			children = (
				5DB4E7D52FE6687200DB1E50 /* umi.mikan.app */,
				5DB4E9002FE8000000DB1E50 /* umi.mikanTests.xctest */,
				5DB4EB012FE9000000DB1E50 /* umi.mikanWidgets.appex */,
			);
			name = Products;
			sourceTree = "<group>";
		};
/* End PBXGroup section */

/* Begin PBXNativeTarget section */
		5DB4E7D42FE6687200DB1E50 /* umi.mikan */ = {
			isa = PBXNativeTarget;
			buildConfigurationList = 5DB4E7E02FE6687400DB1E50 /* Build configuration list for PBXNativeTarget "umi.mikan" */;
			buildPhases = (
				5DB4E7D12FE6687200DB1E50 /* Sources */,
				5DB4E7D22FE6687200DB1E50 /* Frameworks */,
				5DB4E7D32FE6687200DB1E50 /* Resources */,
				5DB4EB0D2FE9000000DB1E50 /* Embed Foundation Extensions */,
			);
			buildRules = (
			);
			dependencies = (
				5DB4EB0C2FE9000000DB1E50 /* PBXTargetDependency */,
			);
			fileSystemSynchronizedGroups = (
				5DB4E7D72FE6687200DB1E50 /* Sources */,
				5DB4EB032FE9000000DB1E50 /* Shared */,
			);
			name = umi.mikan;
			packageProductDependencies = (
				5DB4E8372FE7CC0000DB1E50 /* Connect */,
			);
			productName = umi.mikan;
			productReference = 5DB4E7D52FE6687200DB1E50 /* umi.mikan.app */;
			productType = "com.apple.product-type.application";
		};
		5DB4E8FF2FE8000000DB1E50 /* umi.mikanTests */ = {
			isa = PBXNativeTarget;
			buildConfigurationList = 5DB4E9062FE8000000DB1E50 /* Build configuration list for PBXNativeTarget "umi.mikanTests" */;
			buildPhases = (
				5DB4E9032FE8000000DB1E50 /* Frameworks */,
				5DB4E9042FE8000000DB1E50 /* Sources */,
				5DB4E9052FE8000000DB1E50 /* Resources */,
			);
			buildRules = (
			);
			dependencies = (
				5DB4E90A2FE8000000DB1E50 /* PBXTargetDependency */,
			);
			fileSystemSynchronizedGroups = (
				5DB4E9022FE8000000DB1E50 /* Tests */,
			);
			name = umi.mikanTests;
			productName = umi.mikanTests;
			productReference = 5DB4E9002FE8000000DB1E50 /* umi.mikanTests.xctest */;
			productType = "com.apple.product-type.bundle.unit-test";
		};
		5DB4EB042FE9000000DB1E50 /* umi.mikanWidgets */ = {
			isa = PBXNativeTarget;
			buildConfigurationList = 5DB4EB082FE9000000DB1E50 /* Build configuration list for PBXNativeTarget "umi.mikanWidgets" */;
			buildPhases = (
				5DB4EB052FE9000000DB1E50 /* Sources */,
				5DB4EB062FE9000000DB1E50 /* Frameworks */,
				5DB4EB072FE9000000DB1E50 /* Resources */,
			);
			buildRules = (
			);
			dependencies = (
			);
			fileSystemSynchronizedGroups = (
				5DB4EB022FE9000000DB1E50 /* Widgets */,
				5DB4EB032FE9000000DB1E50 /* Shared */,
			);
			name = umi.mikanWidgets;
			productName = umi.mikanWidgets;
			productReference = 5DB4EB012FE9000000DB1E50 /* umi.mikanWidgets.appex */;
			productType = "com.apple.product-type.app-extension";
		};
/* End PBXNativeTarget section */

/* Begin PBXProject section */
		5DB4E7CD2FE6687200DB1E50 /* Project object */ = {
			isa = PBXProject;
			attributes = {
				BuildIndependentTargetsInParallel = 1;
				LastSwiftUpdateCheck = 2620;
				LastUpgradeCheck = 2620;
				TargetAttributes = {
					5DB4E7D42FE6687200DB1E50 = {
						CreatedOnToolsVersion = 26.2;
					};
					5DB4E8FF2FE8000000DB1E50 = {
						CreatedOnToolsVersion = 26.2;
						TestTargetID = 5DB4E7D42FE6687200DB1E50;
					};
					5DB4EB042FE9000000DB1E50 = {
						CreatedOnToolsVersion = 26.2;
					};
				};
			};
			buildConfigurationList = 5DB4E7D02FE6687200DB1E50 /* Build configuration list for PBXProject "umi.mikan" */;
			developmentRegion = en;
			hasScannedForEncodings = 0;
			knownRegions = (
				en,
				Base,
			);
			mainGroup = 5DB4E7CC2FE6687200DB1E50;
			minimizedProjectReferenceProxies = 1;
			packageReferences = (
				5DB4E8382FE7CC0000DB1E50 /* XCRemoteSwiftPackageReference "connect-swift" */,
			);
			preferredProjectObjectVersion = 77;
			productRefGroup = 5DB4E7D62FE6687200DB1E50 /* Products */;
			projectDirPath = "";
			projectRoot = "";
			targets = (
				5DB4E7D42FE6687200DB1E50 /* umi.mikan */,
				5DB4E8FF2FE8000000DB1E50 /* umi.mikanTests */,
				5DB4EB042FE9000000DB1E50 /* umi.mikanWidgets */,
			);
		};
/* End PBXProject section */

/* Begin PBXResourcesBuildPhase section */
		5DB4E7D32FE6687200DB1E50 /* Resources */ = {
			isa = PBXResourcesBuildPhase;
			buildActionMask = 2147483647;
			files = (
			);
			runOnlyForDeploymentPostprocessing = 0;
		};
		5DB4E9052FE8000000DB1E50 /* Resources */ = {
			isa = PBXResourcesBuildPhase;
			buildActionMask = 2147483647;
			files = (
			);
			runOnlyForDeploymentPostprocessing = 0;
		};
		5DB4EB072FE9000000DB1E50 /* Resources */ = {
			isa = PBXResourcesBuildPhase;
			buildActionMask = 2147483647;
			files = (
			);
			runOnlyForDeploymentPostprocessing = 0;
		};
/* End PBXResourcesBuildPhase section */

/* Begin PBXSourcesBuildPhase section */
		5DB4E7D12FE6687200DB1E50 /* Sources */ = {
			isa = PBXSourcesBuildPhase;
			buildActionMask = 2147483647;
			files = (
			);
			runOnlyForDeploymentPostprocessing = 0;
		};
		5DB4E9042FE8000000DB1E50 /* Sources */ = {
			isa = PBXSourcesBuildPhase;
			buildActionMask = 2147483647;
			files = (
			);
			runOnlyForDeploymentPostprocessing = 0;
		};
		5DB4EB052FE9000000DB1E50 /* Sources */ = {
			isa = PBXSourcesBuildPhase;
			buildActionMask = 2147483647;
			files = (
			);
			runOnlyForDeploymentPostprocessing = 0;
		};
/* End PBXSourcesBuildPhase section */

/* Begin PBXTargetDependency section */
		5DB4E90A2FE8000000DB1E50 /* PBXTargetDependency */ = {
			isa = PBXTargetDependency;
			target = 5DB4E7D42FE6687200DB1E50 /* umi.mikan */;
			targetProxy = 5DB4E90B2FE8000000DB1E50 /* PBXContainerItemProxy */;
		};
		5DB4EB0C2FE9000000DB1E50 /* PBXTargetDependency */ = {
			isa = PBXTargetDependency;
			target = 5DB4EB042FE9000000DB1E50 /* umi.mikanWidgets */;
			targetProxy = 5DB4EB0B2FE9000000DB1E50 /* PBXContainerItemProxy */;
		};
/* End PBXTargetDependency section */

/* Begin XCBuildConfiguration section */
		5DB4E7DE2FE6687400DB1E50 /* Debug */ = {
			isa = XCBuildConfiguration;
			buildSettings = {
				ALWAYS_SEARCH_USER_PATHS = NO;
				ASSETCATALOG_COMPILER_GENERATE_SWIFT_ASSET_SYMBOL_EXTENSIONS = YES;
				CLANG_ANALYZER_NONNULL = YES;
				CLANG_ANALYZER_NUMBER_OBJECT_CONVERSION = YES_AGGRESSIVE;
				CLANG_CXX_LANGUAGE_STANDARD = "gnu++20";
				CLANG_ENABLE_MODULES = YES;
				CLANG_ENABLE_OBJC_ARC = YES;
				CLANG_ENABLE_OBJC_WEAK = YES;
				CLANG_WARN_BLOCK_CAPTURE_AUTORELEASING = YES;
				CLANG_WARN_BOOL_CONVERSION = YES;
				CLANG_WARN_COMMA = YES;
				CLANG_WARN_CONSTANT_CONVERSION = YES;
				CLANG_WARN_DEPRECATED_OBJC_IMPLEMENTATIONS = YES;
				CLANG_WARN_DIRECT_OBJC_ISA_USAGE = YES_ERROR;
				CLANG_WARN_DOCUMENTATION_COMMENTS = YES;
				CLANG_WARN_EMPTY_BODY = YES;
				CLANG_WARN_ENUM_CONVERSION = YES;
				CLANG_WARN_INFINITE_RECURSION = YES;
				CLANG_WARN_INT_CONVERSION = YES;
				CLANG_WARN_NON_LITERAL_NULL_CONVERSION = YES;
				CLANG_WARN_OBJC_IMPLICIT_RETAIN_SELF = YES;
				CLANG_WARN_OBJC_LITERAL_CONVERSION = YES;
				CLANG_WARN_OBJC_ROOT_CLASS = YES_ERROR;
				CLANG_WARN_QUOTED_INCLUDE_IN_FRAMEWORK_HEADER = YES;
				CLANG_WARN_RANGE_LOOP_ANALYSIS = YES;
				CLANG_WARN_STRICT_PROTOTYPES = YES;
				CLANG_WARN_SUSPICIOUS_MOVE = YES;
				CLANG_WARN_UNGUARDED_AVAILABILITY = YES_AGGRESSIVE;
				CLANG_WARN_UNREACHABLE_CODE = YES;
				CLANG_WARN__DUPLICATE_METHOD_MATCH = YES;
				COPY_PHASE_STRIP = NO;
				DEBUG_INFORMATION_FORMAT = dwarf;
				ENABLE_STRICT_OBJC_MSGSEND = YES;
				ENABLE_TESTABILITY = YES;
				ENABLE_USER_SCRIPT_SANDBOXING = YES;
				GCC_C_LANGUAGE_STANDARD = gnu17;
				GCC_DYNAMIC_NO_PIC = NO;
				GCC_NO_COMMON_BLOCKS = YES;
				GCC_OPTIMIZATION_LEVEL = 0;
				GCC_PREPROCESSOR_DEFINITIONS = (
					"DEBUG=1",
					"$(inherited)",
				);
				GCC_WARN_64_TO_32_BIT_CONVERSION = YES;
				GCC_WARN_ABOUT_RETURN_TYPE = YES_ERROR;
				GCC_WARN_UNDECLARED_SELECTOR = YES;
				GCC_WARN_UNINITIALIZED_AUTOS = YES_AGGRESSIVE;
				GCC_WARN_UNUSED_FUNCTION = YES;
				GCC_WARN_UNUSED_VARIABLE = YES;
				IPHONEOS_DEPLOYMENT_TARGET = 26.2;
				LOCALIZATION_PREFERS_STRING_CATALOGS = YES;
				MTL_ENABLE_DEBUG_INFO = INCLUDE_SOURCE;
				MTL_FAST_MATH = YES;
				ONLY_ACTIVE_ARCH = YES;
				SDKROOT = iphoneos;
				SWIFT_ACTIVE_COMPILATION_CONDITIONS = "DEBUG $(inherited)";
				SWIFT_OPTIMIZATION_LEVEL = "-Onone";
			};
			name = Debug;
		};
		5DB4E7DF2FE6687400DB1E50 /* Release */ = {
			isa = XCBuildConfiguration;
			buildSettings = {
				ALWAYS_SEARCH_USER_PATHS = NO;
				ASSETCATALOG_COMPILER_GENERATE_SWIFT_ASSET_SYMBOL_EXTENSIONS = YES;
				CLANG_ANALYZER_NONNULL = YES;
				CLANG_ANALYZER_NUMBER_OBJECT_CONVERSION = YES_AGGRESSIVE;
				CLANG_CXX_LANGUAGE_STANDARD = "gnu++20";
				CLANG_ENABLE_MODULES = YES;
				CLANG_ENABLE_OBJC_ARC = YES;
				CLANG_ENABLE_OBJC_WEAK = YES;
				CLANG_WARN_BLOCK_CAPTURE_AUTORELEASING = YES;
				CLANG_WARN_BOOL_CONVERSION = YES;
				CLANG_WARN_COMMA = YES;
				CLANG_WARN_CONSTANT_CONVERSION = YES;
				CLANG_WARN_DEPRECATED_OBJC_IMPLEMENTATIONS = YES;
				CLANG_WARN_DIRECT_OBJC_ISA_USAGE = YES_ERROR;
				CLANG_WARN_DOCUMENTATION_COMMENTS = YES;
				CLANG_WARN_EMPTY_BODY = YES;
				CLANG_WARN_ENUM_CONVERSION = YES;
				CLANG_WARN_INFINITE_RECURSION = YES;
				CLANG_WARN_INT_CONVERSION = YES;
				CLANG_WARN_NON_LITERAL_NULL_CONVERSION = YES;
				CLANG_WARN_OBJC_IMPLICIT_RETAIN_SELF = YES;
				CLANG_WARN_OBJC_LITERAL_CONVERSION = YES;
				CLANG_WARN_OBJC_ROOT_CLASS = YES_ERROR;
				CLANG_WARN_QUOTED_INCLUDE_IN_FRAMEWORK_HEADER = YES;
				CLANG_WARN_RANGE_LOOP_ANALYSIS = YES;
				CLANG_WARN_STRICT_PROTOTYPES = YES;
				CLANG_WARN_SUSPICIOUS_MOVE = YES;
				CLANG_WARN_UNGUARDED_AVAILABILITY = YES_AGGRESSIVE;
				CLANG_WARN_UNREACHABLE_CODE = YES;
				CLANG_WARN__DUPLICATE_METHOD_MATCH = YES;
				COPY_PHASE_STRIP = NO;
				DEBUG_INFORMATION_FORMAT = "dwarf-with-dsym";
				ENABLE_NS_ASSERTIONS = NO;
				ENABLE_STRICT_OBJC_MSGSEND = YES;
				ENABLE_USER_SCRIPT_SANDBOXING = YES;
				GCC_C_LANGUAGE_STANDARD = gnu17;
				GCC_NO_COMMON_BLOCKS = YES;
				GCC_WARN_64_TO_32_BIT_CONVERSION = YES;
				GCC_WARN_ABOUT_RETURN_TYPE = YES_ERROR;
				GCC_WARN_UNDECLARED_SELECTOR = YES;
				GCC_WARN_UNINITIALIZED_AUTOS = YES_AGGRESSIVE;
				GCC_WARN_UNUSED_FUNCTION = YES;
				GCC_WARN_UNUSED_VARIABLE = YES;
				IPHONEOS_DEPLOYMENT_TARGET = 26.2;
				LOCALIZATION_PREFERS_STRING_CATALOGS = YES;
				MTL_ENABLE_DEBUG_INFO = NO;
				MTL_FAST_MATH = YES;
				SDKROOT = iphoneos;
				SWIFT_COMPILATION_MODE = wholemodule;
				VALIDATE_PRODUCT = YES;
			};
			name = Release;
		};
		5DB4E7E12FE6687400DB1E50 /* Debug */ = {
			isa = XCBuildConfiguration;
			buildSettings = {
				ASSETCATALOG_COMPILER_APPICON_NAME = AppIcon;
				ASSETCATALOG_COMPILER_GLOBAL_ACCENT_COLOR_NAME = AccentColor;
				CODE_SIGN_STYLE = Automatic;
				CURRENT_PROJECT_VERSION = 1;
				DEVELOPMENT_TEAM = 3R99W2KX4S;
				ENABLE_PREVIEWS = YES;
				GENERATE_INFOPLIST_FILE = YES;
				INFOPLIST_KEY_NSSupportsLiveActivities = YES;
				INFOPLIST_KEY_UIApplicationSceneManifest_Generation = YES;
				INFOPLIST_KEY_UIApplicationSupportsIndirectInputEvents = YES;
				INFOPLIST_KEY_UILaunchScreen_Generation = YES;
				INFOPLIST_KEY_UISupportedInterfaceOrientations_iPad = "UIInterfaceOrientationPortrait UIInterfaceOrientationPortraitUpsideDown UIInterfaceOrientationLandscapeLeft UIInterfaceOrientationLandscapeRight";
				INFOPLIST_KEY_UISupportedInterfaceOrientations_iPhone = "UIInterfaceOrientationPortrait UIInterfaceOrientationLandscapeLeft UIInterfaceOrientationLandscapeRight";
				LD_RUNPATH_SEARCH_PATHS = (
					"$(inherited)",
					"@executable_path/Frameworks",
				);
				MARKETING_VERSION = 1.0;
				PRODUCT_BUNDLE_IDENTIFIER = "com.usuyuki.umi-mikan";
				PRODUCT_NAME = "$(TARGET_NAME)";
				STRING_CATALOG_GENERATE_SYMBOLS = YES;
				SWIFT_APPROACHABLE_CONCURRENCY = YES;
				SWIFT_DEFAULT_ACTOR_ISOLATION = MainActor;
				SWIFT_EMIT_LOC_STRINGS = YES;
				SWIFT_UPCOMING_FEATURE_MEMBER_IMPORT_VISIBILITY = YES;
				SWIFT_VERSION = 5.0;
				TARGETED_DEVICE_FAMILY = "1,2";
			};
			name = Debug;
		};
		5DB4E7E22FE6687400DB1E50 /* Release */ = {
			isa = XCBuildConfiguration;
			buildSettings = {
				ASSETCATALOG_COMPILER_APPICON_NAME = AppIcon;
				ASSETCATALOG_COMPILER_GLOBAL_ACCENT_COLOR_NAME = AccentColor;
				CODE_SIGN_STYLE = Automatic;
				CURRENT_PROJECT_VERSION = 1;
				DEVELOPMENT_TEAM = 3R99W2KX4S;
				ENABLE_PREVIEWS = YES;
				GENERATE_INFOPLIST_FILE = YES;
				INFOPLIST_KEY_NSSupportsLiveActivities = YES;
				INFOPLIST_KEY_UIApplicationSceneManifest_Generation = YES;
				INFOPLIST_KEY_UIApplicationSupportsIndirectInputEvents = YES;
				INFOPLIST_KEY_UILaunchScreen_Generation = YES;
				INFOPLIST_KEY_UISupportedInterfaceOrientations_iPad = "UIInterfaceOrientationPortrait UIInterfaceOrientationPortraitUpsideDown UIInterfaceOrientationLandscapeLeft UIInterfaceOrientationLandscapeRight";
				INFOPLIST_KEY_UISupportedInterfaceOrientations_iPhone = "UIInterfaceOrientationPortrait UIInterfaceOrientationLandscapeLeft UIInterfaceOrientationLandscapeRight";
				LD_RUNPATH_SEARCH_PATHS = (
					"$(inherited)",
					"@executable_path/Frameworks",
				);
				MARKETING_VERSION = 1.0;
				PRODUCT_BUNDLE_IDENTIFIER = "com.usuyuki.umi-mikan";
				PRODUCT_NAME = "$(TARGET_NAME)";
				STRING_CATALOG_GENERATE_SYMBOLS = YES;
				SWIFT_APPROACHABLE_CONCURRENCY = YES;
				SWIFT_DEFAULT_ACTOR_ISOLATION = MainActor;
				SWIFT_EMIT_LOC_STRINGS = YES;
				SWIFT_UPCOMING_FEATURE_MEMBER_IMPORT_VISIBILITY = YES;
				SWIFT_VERSION = 5.0;
				TARGETED_DEVICE_FAMILY = "1,2";
			};
			name = Release;
		};
		5DB4E9072FE8000000DB1E50 /* Debug */ = {
			isa = XCBuildConfiguration;
			buildSettings = {
				BUNDLE_LOADER = "$(TEST_HOST)";
				CODE_SIGN_STYLE = Automatic;
				CURRENT_PROJECT_VERSION = 1;
				GENERATE_INFOPLIST_FILE = YES;
				IPHONEOS_DEPLOYMENT_TARGET = 26.2;
				MARKETING_VERSION = 1.0;
				PRODUCT_BUNDLE_IDENTIFIER = "com.usuyuki.umi-mikan.tests";
				PRODUCT_NAME = "$(TARGET_NAME)";
				SDKROOT = iphoneos;
				SWIFT_VERSION = 5.0;
				TARGETED_DEVICE_FAMILY = "1,2";
				TEST_HOST = "$(BUILT_PRODUCTS_DIR)/umi.mikan.app/umi.mikan";
			};
			name = Debug;
		};
		5DB4E9082FE8000000DB1E50 /* Release */ = {
			isa = XCBuildConfiguration;
			buildSettings = {
				BUNDLE_LOADER = "$(TEST_HOST)";
				CODE_SIGN_STYLE = Automatic;
				CURRENT_PROJECT_VERSION = 1;
				GENERATE_INFOPLIST_FILE = YES;
				IPHONEOS_DEPLOYMENT_TARGET = 26.2;
				MARKETING_VERSION = 1.0;
				PRODUCT_BUNDLE_IDENTIFIER = "com.usuyuki.umi-mikan.tests";
				PRODUCT_NAME = "$(TARGET_NAME)";
				SDKROOT = iphoneos;
				SWIFT_COMPILATION_MODE = wholemodule;
				SWIFT_VERSION = 5.0;
				TARGETED_DEVICE_FAMILY = "1,2";
				TEST_HOST = "$(BUILT_PRODUCTS_DIR)/umi.mikan.app/umi.mikan";
			};
			name = Release;
		};
		5DB4EB092FE9000000DB1E50 /* Debug */ = {
			isa = XCBuildConfiguration;
			buildSettings = {
				CODE_SIGN_STYLE = Automatic;
				CURRENT_PROJECT_VERSION = 1;
				DEVELOPMENT_TEAM = 3R99W2KX4S;
				GENERATE_INFOPLIST_FILE = YES;
				INFOPLIST_FILE = Widgets/Info.plist;
				INFOPLIST_KEY_CFBundleDisplayName = "umi.mikan Widgets";
				IPHONEOS_DEPLOYMENT_TARGET = 26.2;
				LD_RUNPATH_SEARCH_PATHS = (
					"$(inherited)",
					"@executable_path/Frameworks",
					"@executable_path/../../Frameworks",
				);
				MARKETING_VERSION = 1.0;
				PRODUCT_BUNDLE_IDENTIFIER = "com.usuyuki.umi-mikan.Widgets";
				PRODUCT_NAME = "$(TARGET_NAME)";
				SKIP_INSTALL = YES;
				SWIFT_APPROACHABLE_CONCURRENCY = YES;
				SWIFT_DEFAULT_ACTOR_ISOLATION = MainActor;
				SWIFT_EMIT_LOC_STRINGS = YES;
				SWIFT_VERSION = 5.0;
				TARGETED_DEVICE_FAMILY = "1,2";
			};
			name = Debug;
		};
		5DB4EB0A2FE9000000DB1E50 /* Release */ = {
			isa = XCBuildConfiguration;
			buildSettings = {
				CODE_SIGN_STYLE = Automatic;
				CURRENT_PROJECT_VERSION = 1;
				DEVELOPMENT_TEAM = 3R99W2KX4S;
				GENERATE_INFOPLIST_FILE = YES;
				INFOPLIST_FILE = Widgets/Info.plist;
				INFOPLIST_KEY_CFBundleDisplayName = "umi.mikan Widgets";
				IPHONEOS_DEPLOYMENT_TARGET = 26.2;
				LD_RUNPATH_SEARCH_PATHS = (
					"$(inherited)",
					"@executable_path/Frameworks",
					"@executable_path/../../Frameworks",
				);
				MARKETING_VERSION = 1.0;
				PRODUCT_BUNDLE_IDENTIFIER = "com.usuyuki.umi-mikan.Widgets";
				PRODUCT_NAME = "$(TARGET_NAME)";
				SKIP_INSTALL = YES;
				SWIFT_APPROACHABLE_CONCURRENCY = YES;
				SWIFT_DEFAULT_ACTOR_ISOLATION = MainActor;
				SWIFT_EMIT_LOC_STRINGS = YES;
				SWIFT_VERSION = 5.0;
				TARGETED_DEVICE_FAMILY = "1,2";
			};
			name = Release;
		};
/* End XCBuildConfiguration section */

/* Begin XCConfigurationList section */
		5DB4E7D02FE6687200DB1E50 /* Build configuration list for PBXProject "umi.mikan" */ = {
			isa = XCConfigurationList;
			buildConfigurations = (
				5DB4E7DE2FE6687400DB1E50 /* Debug */,
				5DB4E7DF2FE6687400DB1E50 /* Release */,
			);
			defaultConfigurationIsVisible = 0;
			defaultConfigurationName = Release;
		};
		5DB4E7E02FE6687400DB1E50 /* Build configuration list for PBXNativeTarget "umi.mikan" */ = {
			isa = XCConfigurationList;
			buildConfigurations = (
				5DB4E7E12FE6687400DB1E50 /* Debug */,
				5DB4E7E22FE6687400DB1E50 /* Release */,
			);
			defaultConfigurationIsVisible = 0;
			defaultConfigurationName = Release;
		};
		5DB4E9062FE8000000DB1E50 /* Build configuration list for PBXNativeTarget "umi.mikanTests" */ = {
			isa = XCConfigurationList;
			buildConfigurations = (
				5DB4E9072FE8000000DB1E50 /* Debug */,
				5DB4E9082FE8000000DB1E50 /* Release */,
			);
			defaultConfigurationIsVisible = 0;
			defaultConfigurationName = Release;
		};
		5DB4EB082FE9000000DB1E50 /* Build configuration list for PBXNativeTarget "umi.mikanWidgets" */ = {
			isa = XCConfigurationList;
			buildConfigurations = (
				5DB4EB092FE9000000DB1E50 /* Debug */,
				5DB4EB0A2FE9000000DB1E50 /* Release */,
			);
			defaultConfigurationIsVisible = 0;
			defaultConfigurationName = Release;
		};
/* End XCConfigurationList section */

/* Begin XCRemoteSwiftPackageReference section */
		5DB4E8382FE7CC0000DB1E50 /* XCRemoteSwiftPackageReference "connect-swift" */ = {
			isa = XCRemoteSwiftPackageReference;
			repositoryURL = "https://github.com/connectrpc/connect-swift";
			requirement = {
				kind = upToNextMajorVersion;
				minimumVersion = 1.2.3;
			};
		};
/* End XCRemoteSwiftPackageReference section */

/* Begin XCSwiftPackageProductDependency section */
		5DB4E8372FE7CC0000DB1E50 /* Connect */ = {
			isa = XCSwiftPackageProductDependency;
			package = 5DB4E8382FE7CC0000DB1E50 /* XCRemoteSwiftPackageReference "connect-swift" */;
			productName = Connect;
		};
/* End XCSwiftPackageProductDependency section */
	};
	rootObject = 5DB4E7CD2FE6687200DB1E50 /* Project object */;
}
