// !$*UTF8*$!
{
	archiveVersion = 1;
	classes = {
	};
	objectVersion = 77;
	objects = {

/* Begin PBXBuildFile section */
		5DB4E82E2FE7C75700DB1E50 /* GRPCNIOTransportHTTP2 in Frameworks */ = {isa = PBXBuildFile; productRef = 5DB4E82D2FE7C75700DB1E50 /* GRPCNIOTransportHTTP2 */; };
		5DB4E8302FE7C75700DB1E50 /* GRPCNIOTransportHTTP2Posix in Frameworks */ = {isa = PBXBuildFile; productRef = 5DB4E82F2FE7C75700DB1E50 /* GRPCNIOTransportHTTP2Posix */; };
		5DB4E8322FE7C75700DB1E50 /* GRPCNIOTransportHTTP2TransportServices in Frameworks */ = {isa = PBXBuildFile; productRef = 5DB4E8312FE7C75700DB1E50 /* GRPCNIOTransportHTTP2TransportServices */; };
		5DB4E8352FE7CA6800DB1E50 /* GRPCProtobuf in Frameworks */ = {isa = PBXBuildFile; productRef = 5DB4E8342FE7CA6800DB1E50 /* GRPCProtobuf */; };
/* End PBXBuildFile section */

/* Begin PBXContainerItemProxy section */
		5DB4E90B2FE8000000DB1E50 /* PBXContainerItemProxy */ = {
			isa = PBXContainerItemProxy;
			containerPortal = 5DB4E7CD2FE6687200DB1E50 /* Project object */;
			proxyType = 1;
			remoteGlobalIDString = 5DB4E7D42FE6687200DB1E50;
			remoteInfo = umi.mikan;
		};
/* End PBXContainerItemProxy section */

/* Begin PBXFileReference section */
		5DB4E7D52FE6687200DB1E50 /* umi.mikan.app */ = {isa = PBXFileReference; explicitFileType = wrapper.application; includeInIndex = 0; path = umi.mikan.app; sourceTree = BUILT_PRODUCTS_DIR; };
		5DB4E9002FE8000000DB1E50 /* umi.mikanTests.xctest */ = {isa = PBXFileReference; explicitFileType = wrapper.cfbundle; includeInIndex = 0; path = umi.mikanTests.xctest; sourceTree = BUILT_PRODUCTS_DIR; };
/* End PBXFileReference section */

/* Begin PBXFileSystemSynchronizedRootGroup section */
		5DB4E7D72FE6687200DB1E50 /* Sources */ = {
			isa = PBXFileSystemSynchronizedRootGroup;
			path = Sources;
			sourceTree = "<group>";
		};
		5DB4E9022FE8000000DB1E50 /* Tests */ = {
			isa = PBXFileSystemSynchronizedRootGroup;
			path = Tests;
			sourceTree = "<group>";
		};
/* End PBXFileSystemSynchronizedRootGroup section */

/* Begin PBXFrameworksBuildPhase section */
		5DB4E7D22FE6687200DB1E50 /* Frameworks */ = {
			isa = PBXFrameworksBuildPhase;
			buildActionMask = 2147483647;
			files = (
				5DB4E8302FE7C75700DB1E50 /* GRPCNIOTransportHTTP2Posix in Frameworks */,
				5DB4E8352FE7CA6800DB1E50 /* GRPCProtobuf in Frameworks */,
				5DB4E8322FE7C75700DB1E50 /* GRPCNIOTransportHTTP2TransportServices in Frameworks */,
				5DB4E82E2FE7C75700DB1E50 /* GRPCNIOTransportHTTP2 in Frameworks */,
			);
			runOnlyForDeploymentPostprocessing = 0;
		};
		5DB4E9032FE8000000DB1E50 /* Frameworks */ = {
			isa = PBXFrameworksBuildPhase;
			buildActionMask = 2147483647;
			files = (
			);
			runOnlyForDeploymentPostprocessing = 0;
		};
/* End PBXFrameworksBuildPhase section */

/* Begin PBXGroup section */
		5DB4E7CC2FE6687200DB1E50 = {
			isa = PBXGroup;
			children = (
				5DB4E7D72FE6687200DB1E50 /* Sources */,
				5DB4E9022FE8000000DB1E50 /* Tests */,
				5DB4E7D62FE6687200DB1E50 /* Products */,
			);
			sourceTree = "<group>";
		};
		5DB4E7D62FE6687200DB1E50 /* Products */ = {
			isa = PBXGroup;
			children = (
				5DB4E7D52FE6687200DB1E50 /* umi.mikan.app */,
				5DB4E9002FE8000000DB1E50 /* umi.mikanTests.xctest */,
			);
			name = Products;
			sourceTree = "<group>";
		};
/* End PBXGroup section */

/* Begin PBXNativeTarget section */
		5DB4E7D42FE6687200DB1E50 /* umi.mikan */ = {
			isa = PBXNativeTarget;
			buildConfigurationList = 5DB4E7E02FE6687400DB1E50 /* Build configuration list for PBXNativeTarget "umi.mikan" */;
			buildPhases = (
				5DB4E7D12FE6687200DB1E50 /* Sources */,
				5DB4E7D22FE6687200DB1E50 /* Frameworks */,
				5DB4E7D32FE6687200DB1E50 /* Resources */,
			);
			buildRules = (
			);
			dependencies = (
			);
			fileSystemSynchronizedGroups = (
				5DB4E7D72FE6687200DB1E50 /* Sources */,
			);
			name = umi.mikan;
			packageProductDependencies = (
				5DB4E82D2FE7C75700DB1E50 /* GRPCNIOTransportHTTP2 */,
				5DB4E82F2FE7C75700DB1E50 /* GRPCNIOTransportHTTP2Posix */,
				5DB4E8312FE7C75700DB1E50 /* GRPCNIOTransportHTTP2TransportServices */,
				5DB4E8342FE7CA6800DB1E50 /* GRPCProtobuf */,
			);
			productName = umi.mikan;
			productReference = 5DB4E7D52FE6687200DB1E50 /* umi.mikan.app */;
			productType = "com.apple.product-type.application";
		};
		5DB4E8FF2FE8000000DB1E50 /* umi.mikanTests */ = {
			isa = PBXNativeTarget;
			buildConfigurationList = 5DB4E9062FE8000000DB1E50 /* Build configuration list for PBXNativeTarget "umi.mikanTests" */;
			buildPhases = (
				5DB4E9032FE8000000DB1E50 /* Frameworks */,
				5DB4E9042FE8000000DB1E50 /* Sources */,
				5DB4E9052FE8000000DB1E50 /* Resources */,
			);
			buildRules = (
			);
			dependencies = (
				5DB4E90A2FE8000000DB1E50 /* PBXTargetDependency */,
			);
			fileSystemSynchronizedGroups = (
				5DB4E9022FE8000000DB1E50 /* Tests */,
			);
			name = umi.mikanTests;
			productName = umi.mikanTests;
			productReference = 5DB4E9002FE8000000DB1E50 /* umi.mikanTests.xctest */;
			productType = "com.apple.product-type.bundle.unit-test";
		};
/* End PBXNativeTarget section */

/* Begin PBXProject section */
		5DB4E7CD2FE6687200DB1E50 /* Project object */ = {
			isa = PBXProject;
			attributes = {
				BuildIndependentTargetsInParallel = 1;
				LastSwiftUpdateCheck = 2620;
				LastUpgradeCheck = 2620;
				TargetAttributes = {
					5DB4E7D42FE6687200DB1E50 = {
						CreatedOnToolsVersion = 26.2;
					};
					5DB4E8FF2FE8000000DB1E50 = {
						CreatedOnToolsVersion = 26.2;
						TestTargetID = 5DB4E7D42FE6687200DB1E50;
					};
				};
			};
			buildConfigurationList = 5DB4E7D02FE6687200DB1E50 /* Build configuration list for PBXProject "umi.mikan" */;
			developmentRegion = en;
			hasScannedForEncodings = 0;
			knownRegions = (
				en,
				Base,
			);
			mainGroup = 5DB4E7CC2FE6687200DB1E50;
			minimizedProjectReferenceProxies = 1;
			packageReferences = (
				5DB4E82C2FE7C75700DB1E50 /* XCRemoteSwiftPackageReference "grpc-swift-nio-transport" */,
				5DB4E8332FE7CA6800DB1E50 /* XCRemoteSwiftPackageReference "grpc-swift-protobuf" */,
			);
			preferredProjectObjectVersion = 77;
			productRefGroup = 5DB4E7D62FE6687200DB1E50 /* Products */;
			projectDirPath = "";
			projectRoot = "";
			targets = (
				5DB4E7D42FE6687200DB1E50 /* umi.mikan */,
				5DB4E8FF2FE8000000DB1E50 /* umi.mikanTests */,
			);
		};
/* End PBXProject section */

/* Begin PBXResourcesBuildPhase section */
		5DB4E7D32FE6687200DB1E50 /* Resources */ = {
			isa = PBXResourcesBuildPhase;
			buildActionMask = 2147483647;
			files = (
			);
			runOnlyForDeploymentPostprocessing = 0;
		};
		5DB4E9052FE8000000DB1E50 /* Resources */ = {
			isa = PBXResourcesBuildPhase;
			buildActionMask = 2147483647;
			files = (
			);
			runOnlyForDeploymentPostprocessing = 0;
		};
/* End PBXResourcesBuildPhase section */

/* Begin PBXSourcesBuildPhase section */
		5DB4E7D12FE6687200DB1E50 /* Sources */ = {
			isa = PBXSourcesBuildPhase;
			buildActionMask = 2147483647;
			files = (
			);
			runOnlyForDeploymentPostprocessing = 0;
		};
		5DB4E9042FE8000000DB1E50 /* Sources */ = {
			isa = PBXSourcesBuildPhase;
			buildActionMask = 2147483647;
			files = (
			);
			runOnlyForDeploymentPostprocessing = 0;
		};
/* End PBXSourcesBuildPhase section */

/* Begin PBXTargetDependency section */
		5DB4E90A2FE8000000DB1E50 /* PBXTargetDependency */ = {
			isa = PBXTargetDependency;
			target = 5DB4E7D42FE6687200DB1E50 /* umi.mikan */;
			targetProxy = 5DB4E90B2FE8000000DB1E50 /* PBXContainerItemProxy */;
		};
/* End PBXTargetDependency section */

/* Begin XCBuildConfiguration section */
		5DB4E7DE2FE6687400DB1E50 /* Debug */ = {
			isa = XCBuildConfiguration;
			buildSettings = {
				ALWAYS_SEARCH_USER_PATHS = NO;
				ASSETCATALOG_COMPILER_GENERATE_SWIFT_ASSET_SYMBOL_EXTENSIONS = YES;
				CLANG_ANALYZER_NONNULL = YES;
				CLANG_ANALYZER_NUMBER_OBJECT_CONVERSION = YES_AGGRESSIVE;
				CLANG_CXX_LANGUAGE_STANDARD = "gnu++20";
				CLANG_ENABLE_MODULES = YES;
				CLANG_ENABLE_OBJC_ARC = YES;
				CLANG_ENABLE_OBJC_WEAK = YES;
				CLANG_WARN_BLOCK_CAPTURE_AUTORELEASING = YES;
				CLANG_WARN_BOOL_CONVERSION = YES;
				CLANG_WARN_COMMA = YES;
				CLANG_WARN_CONSTANT_CONVERSION = YES;
				CLANG_WARN_DEPRECATED_OBJC_IMPLEMENTATIONS = YES;
				CLANG_WARN_DIRECT_OBJC_ISA_USAGE = YES_ERROR;
				CLANG_WARN_DOCUMENTATION_COMMENTS = YES;
				CLANG_WARN_EMPTY_BODY = YES;
				CLANG_WARN_ENUM_CONVERSION = YES;
				CLANG_WARN_INFINITE_RECURSION = YES;
				CLANG_WARN_INT_CONVERSION = YES;
				CLANG_WARN_NON_LITERAL_NULL_CONVERSION = YES;
				CLANG_WARN_OBJC_IMPLICIT_RETAIN_SELF = YES;
				CLANG_WARN_OBJC_LITERAL_CONVERSION = YES;
				CLANG_WARN_OBJC_ROOT_CLASS = YES_ERROR;
				CLANG_WARN_QUOTED_INCLUDE_IN_FRAMEWORK_HEADER = YES;
				CLANG_WARN_RANGE_LOOP_ANALYSIS = YES;
				CLANG_WARN_STRICT_PROTOTYPES = YES;
				CLANG_WARN_SUSPICIOUS_MOVE = YES;
				CLANG_WARN_UNGUARDED_AVAILABILITY = YES_AGGRESSIVE;
				CLANG_WARN_UNREACHABLE_CODE = YES;
				CLANG_WARN__DUPLICATE_METHOD_MATCH = YES;
				COPY_PHASE_STRIP = NO;
				DEBUG_INFORMATION_FORMAT = dwarf;
				ENABLE_STRICT_OBJC_MSGSEND = YES;
				ENABLE_TESTABILITY = YES;
				ENABLE_USER_SCRIPT_SANDBOXING = YES;
				GCC_C_LANGUAGE_STANDARD = gnu17;
				GCC_DYNAMIC_NO_PIC = NO;
				GCC_NO_COMMON_BLOCKS = YES;
				GCC_OPTIMIZATION_LEVEL = 0;
				GCC_PREPROCESSOR_DEFINITIONS = (
					"DEBUG=1",
					"$(inherited)",
				);
				GCC_WARN_64_TO_32_BIT_CONVERSION = YES;
				GCC_WARN_ABOUT_RETURN_TYPE = YES_ERROR;
				GCC_WARN_UNDECLARED_SELECTOR = YES;
				GCC_WARN_UNINITIALIZED_AUTOS = YES_AGGRESSIVE;
				GCC_WARN_UNUSED_FUNCTION = YES;
				GCC_WARN_UNUSED_VARIABLE = YES;
				IPHONEOS_DEPLOYMENT_TARGET = 26.2;
				LOCALIZATION_PREFERS_STRING_CATALOGS = YES;
				MTL_ENABLE_DEBUG_INFO = INCLUDE_SOURCE;
				MTL_FAST_MATH = YES;
				ONLY_ACTIVE_ARCH = YES;
				SDKROOT = iphoneos;
				SWIFT_ACTIVE_COMPILATION_CONDITIONS = "DEBUG $(inherited)";
				SWIFT_OPTIMIZATION_LEVEL = "-Onone";
			};
			name = Debug;
		};
		5DB4E7DF2FE6687400DB1E50 /* Release */ = {
			isa = XCBuildConfiguration;
			buildSettings = {
				ALWAYS_SEARCH_USER_PATHS = NO;
				ASSETCATALOG_COMPILER_GENERATE_SWIFT_ASSET_SYMBOL_EXTENSIONS = YES;
				CLANG_ANALYZER_NONNULL = YES;
				CLANG_ANALYZER_NUMBER_OBJECT_CONVERSION = YES_AGGRESSIVE;
				CLANG_CXX_LANGUAGE_STANDARD = "gnu++20";
				CLANG_ENABLE_MODULES = YES;
				CLANG_ENABLE_OBJC_ARC = YES;
				CLANG_ENABLE_OBJC_WEAK = YES;
				CLANG_WARN_BLOCK_CAPTURE_AUTORELEASING = YES;
				CLANG_WARN_BOOL_CONVERSION = YES;
				CLANG_WARN_COMMA = YES;
				CLANG_WARN_CONSTANT_CONVERSION = YES;
				CLANG_WARN_DEPRECATED_OBJC_IMPLEMENTATIONS = YES;
				CLANG_WARN_DIRECT_OBJC_ISA_USAGE = YES_ERROR;
				CLANG_WARN_DOCUMENTATION_COMMENTS = YES;
				CLANG_WARN_EMPTY_BODY = YES;
				CLANG_WARN_ENUM_CONVERSION = YES;
				CLANG_WARN_INFINITE_RECURSION = YES;
				CLANG_WARN_INT_CONVERSION = YES;
				CLANG_WARN_NON_LITERAL_NULL_CONVERSION = YES;
				CLANG_WARN_OBJC_IMPLICIT_RETAIN_SELF = YES;
				CLANG_WARN_OBJC_LITERAL_CONVERSION = YES;
				CLANG_WARN_OBJC_ROOT_CLASS = YES_ERROR;
				CLANG_WARN_QUOTED_INCLUDE_IN_FRAMEWORK_HEADER = YES;
				CLANG_WARN_RANGE_LOOP_ANALYSIS = YES;
				CLANG_WARN_STRICT_PROTOTYPES = YES;
				CLANG_WARN_SUSPICIOUS_MOVE = YES;
				CLANG_WARN_UNGUARDED_AVAILABILITY = YES_AGGRESSIVE;
				CLANG_WARN_UNREACHABLE_CODE = YES;
				CLANG_WARN__DUPLICATE_METHOD_MATCH = YES;
				COPY_PHASE_STRIP = NO;
				DEBUG_INFORMATION_FORMAT = "dwarf-with-dsym";
				ENABLE_NS_ASSERTIONS = NO;
				ENABLE_STRICT_OBJC_MSGSEND = YES;
				ENABLE_USER_SCRIPT_SANDBOXING = YES;
				GCC_C_LANGUAGE_STANDARD = gnu17;
				GCC_NO_COMMON_BLOCKS = YES;
				GCC_WARN_64_TO_32_BIT_CONVERSION = YES;
				GCC_WARN_ABOUT_RETURN_TYPE = YES_ERROR;
				GCC_WARN_UNDECLARED_SELECTOR = YES;
				GCC_WARN_UNINITIALIZED_AUTOS = YES_AGGRESSIVE;
				GCC_WARN_UNUSED_FUNCTION = YES;
				GCC_WARN_UNUSED_VARIABLE = YES;
				IPHONEOS_DEPLOYMENT_TARGET = 26.2;
				LOCALIZATION_PREFERS_STRING_CATALOGS = YES;
				MTL_ENABLE_DEBUG_INFO = NO;
				MTL_FAST_MATH = YES;
				SDKROOT = iphoneos;
				SWIFT_COMPILATION_MODE = wholemodule;
				VALIDATE_PRODUCT = YES;
			};
			name = Release;
		};
		5DB4E7E12FE6687400DB1E50 /* Debug */ = {
			isa = XCBuildConfiguration;
			buildSettings = {
				ASSETCATALOG_COMPILER_APPICON_NAME = AppIcon;
				ASSETCATALOG_COMPILER_GLOBAL_ACCENT_COLOR_NAME = AccentColor;
				CODE_SIGN_STYLE = Automatic;
				CURRENT_PROJECT_VERSION = 1;
				ENABLE_PREVIEWS = YES;
				GENERATE_INFOPLIST_FILE = YES;
				INFOPLIST_KEY_UIApplicationSceneManifest_Generation = YES;
				INFOPLIST_KEY_UIApplicationSupportsIndirectInputEvents = YES;
				INFOPLIST_KEY_UILaunchScreen_Generation = YES;
				INFOPLIST_KEY_UISupportedInterfaceOrientations_iPad = "UIInterfaceOrientationPortrait UIInterfaceOrientationPortraitUpsideDown UIInterfaceOrientationLandscapeLeft UIInterfaceOrientationLandscapeRight";
				INFOPLIST_KEY_UISupportedInterfaceOrientations_iPhone = "UIInterfaceOrientationPortrait UIInterfaceOrientationLandscapeLeft UIInterfaceOrientationLandscapeRight";
				LD_RUNPATH_SEARCH_PATHS = (
					"$(inherited)",
					"@executable_path/Frameworks",
				);
				MARKETING_VERSION = 1.0;
				PRODUCT_BUNDLE_IDENTIFIER = "com.usuyuki.umi-mikan";
				PRODUCT_NAME = "$(TARGET_NAME)";
				STRING_CATALOG_GENERATE_SYMBOLS = YES;
				SWIFT_APPROACHABLE_CONCURRENCY = YES;
				SWIFT_DEFAULT_ACTOR_ISOLATION = MainActor;
				SWIFT_EMIT_LOC_STRINGS = YES;
				SWIFT_UPCOMING_FEATURE_MEMBER_IMPORT_VISIBILITY = YES;
				SWIFT_VERSION = 5.0;
				TARGETED_DEVICE_FAMILY = "1,2";
			};
			name = Debug;
		};
		5DB4E7E22FE6687400DB1E50 /* Release */ = {
			isa = XCBuildConfiguration;
			buildSettings = {
				ASSETCATALOG_COMPILER_APPICON_NAME = AppIcon;
				ASSETCATALOG_COMPILER_GLOBAL_ACCENT_COLOR_NAME = AccentColor;
				CODE_SIGN_STYLE = Automatic;
				CURRENT_PROJECT_VERSION = 1;
				ENABLE_PREVIEWS = YES;
				GENERATE_INFOPLIST_FILE = YES;
				INFOPLIST_KEY_UIApplicationSceneManifest_Generation = YES;
				INFOPLIST_KEY_UIApplicationSupportsIndirectInputEvents = YES;
				INFOPLIST_KEY_UILaunchScreen_Generation = YES;
				INFOPLIST_KEY_UISupportedInterfaceOrientations_iPad = "UIInterfaceOrientationPortrait UIInterfaceOrientationPortraitUpsideDown UIInterfaceOrientationLandscapeLeft UIInterfaceOrientationLandscapeRight";
				INFOPLIST_KEY_UISupportedInterfaceOrientations_iPhone = "UIInterfaceOrientationPortrait UIInterfaceOrientationLandscapeLeft UIInterfaceOrientationLandscapeRight";
				LD_RUNPATH_SEARCH_PATHS = (
					"$(inherited)",
					"@executable_path/Frameworks",
				);
				MARKETING_VERSION = 1.0;
				PRODUCT_BUNDLE_IDENTIFIER = "com.usuyuki.umi-mikan";
				PRODUCT_NAME = "$(TARGET_NAME)";
				STRING_CATALOG_GENERATE_SYMBOLS = YES;
				SWIFT_APPROACHABLE_CONCURRENCY = YES;
				SWIFT_DEFAULT_ACTOR_ISOLATION = MainActor;
				SWIFT_EMIT_LOC_STRINGS = YES;
				SWIFT_UPCOMING_FEATURE_MEMBER_IMPORT_VISIBILITY = YES;
				SWIFT_VERSION = 5.0;
				TARGETED_DEVICE_FAMILY = "1,2";
			};
			name = Release;
		};
		5DB4E9072FE8000000DB1E50 /* Debug */ = {
			isa = XCBuildConfiguration;
			buildSettings = {
				BUNDLE_LOADER = "$(TEST_HOST)";
				CODE_SIGN_STYLE = Automatic;
				CURRENT_PROJECT_VERSION = 1;
				GENERATE_INFOPLIST_FILE = YES;
				IPHONEOS_DEPLOYMENT_TARGET = 26.2;
				MARKETING_VERSION = 1.0;
				PRODUCT_BUNDLE_IDENTIFIER = "com.usuyuki.umi-mikan.tests";
				PRODUCT_NAME = "$(TARGET_NAME)";
				SDKROOT = iphoneos;
				SWIFT_VERSION = 5.0;
				TARGETED_DEVICE_FAMILY = "1,2";
				TEST_HOST = "$(BUILT_PRODUCTS_DIR)/umi.mikan.app/umi.mikan";
			};
			name = Debug;
		};
		5DB4E9082FE8000000DB1E50 /* Release */ = {
			isa = XCBuildConfiguration;
			buildSettings = {
				BUNDLE_LOADER = "$(TEST_HOST)";
				CODE_SIGN_STYLE = Automatic;
				CURRENT_PROJECT_VERSION = 1;
				GENERATE_INFOPLIST_FILE = YES;
				IPHONEOS_DEPLOYMENT_TARGET = 26.2;
				MARKETING_VERSION = 1.0;
				PRODUCT_BUNDLE_IDENTIFIER = "com.usuyuki.umi-mikan.tests";
				PRODUCT_NAME = "$(TARGET_NAME)";
				SDKROOT = iphoneos;
				SWIFT_COMPILATION_MODE = wholemodule;
				SWIFT_VERSION = 5.0;
				TARGETED_DEVICE_FAMILY = "1,2";
				TEST_HOST = "$(BUILT_PRODUCTS_DIR)/umi.mikan.app/umi.mikan";
			};
			name = Release;
		};
/* End XCBuildConfiguration section */

/* Begin XCConfigurationList section */
		5DB4E7D02FE6687200DB1E50 /* Build configuration list for PBXProject "umi.mikan" */ = {
			isa = XCConfigurationList;
			buildConfigurations = (
				5DB4E7DE2FE6687400DB1E50 /* Debug */,
				5DB4E7DF2FE6687400DB1E50 /* Release */,
			);
			defaultConfigurationIsVisible = 0;
			defaultConfigurationName = Release;
		};
		5DB4E7E02FE6687400DB1E50 /* Build configuration list for PBXNativeTarget "umi.mikan" */ = {
			isa = XCConfigurationList;
			buildConfigurations = (
				5DB4E7E12FE6687400DB1E50 /* Debug */,
				5DB4E7E22FE6687400DB1E50 /* Release */,
			);
			defaultConfigurationIsVisible = 0;
			defaultConfigurationName = Release;
		};
		5DB4E9062FE8000000DB1E50 /* Build configuration list for PBXNativeTarget "umi.mikanTests" */ = {
			isa = XCConfigurationList;
			buildConfigurations = (
				5DB4E9072FE8000000DB1E50 /* Debug */,
				5DB4E9082FE8000000DB1E50 /* Release */,
			);
			defaultConfigurationIsVisible = 0;
			defaultConfigurationName = Release;
		};
/* End XCConfigurationList section */

/* Begin XCRemoteSwiftPackageReference section */
		5DB4E82C2FE7C75700DB1E50 /* XCRemoteSwiftPackageReference "grpc-swift-nio-transport" */ = {
			isa = XCRemoteSwiftPackageReference;
			repositoryURL = "https://github.com/grpc/grpc-swift-nio-transport";
			requirement = {
				kind = upToNextMajorVersion;
				minimumVersion = 2.8.0;
			};
		};
		5DB4E8332FE7CA6800DB1E50 /* XCRemoteSwiftPackageReference "grpc-swift-protobuf" */ = {
			isa = XCRemoteSwiftPackageReference;
			repositoryURL = "https://github.com/grpc/grpc-swift-protobuf";
			requirement = {
				kind = upToNextMajorVersion;
				minimumVersion = 2.4.0;
			};
		};
/* End XCRemoteSwiftPackageReference section */

/* Begin XCSwiftPackageProductDependency section */
		5DB4E82D2FE7C75700DB1E50 /* GRPCNIOTransportHTTP2 */ = {
			isa = XCSwiftPackageProductDependency;
			package = 5DB4E82C2FE7C75700DB1E50 /* XCRemoteSwiftPackageReference "grpc-swift-nio-transport" */;
			productName = GRPCNIOTransportHTTP2;
		};
		5DB4E82F2FE7C75700DB1E50 /* GRPCNIOTransportHTTP2Posix */ = {
			isa = XCSwiftPackageProductDependency;
			package = 5DB4E82C2FE7C75700DB1E50 /* XCRemoteSwiftPackageReference "grpc-swift-nio-transport" */;
			productName = GRPCNIOTransportHTTP2Posix;
		};
		5DB4E8312FE7C75700DB1E50 /* GRPCNIOTransportHTTP2TransportServices */ = {
			isa = XCSwiftPackageProductDependency;
			package = 5DB4E82C2FE7C75700DB1E50 /* XCRemoteSwiftPackageReference "grpc-swift-nio-transport" */;
			productName = GRPCNIOTransportHTTP2TransportServices;
		};
		5DB4E8342FE7CA6800DB1E50 /* GRPCProtobuf */ = {
			isa = XCSwiftPackageProductDependency;
			package = 5DB4E8332FE7CA6800DB1E50 /* XCRemoteSwiftPackageReference "grpc-swift-protobuf" */;
			productName = GRPCProtobuf;
		};
/* End XCSwiftPackageProductDependency section */
	};
	rootObject = 5DB4E7CD2FE6687200DB1E50 /* Project object */;
}
